{
  "name": "prayer-times-research",
  "version": "0.1.0",
  "lockfileVersion": 3,
  "requires": true,
  "packages": {
    "": {
      "name": "prayer-times-research",
      "version": "0.1.0",
      "license": "MIT",
      "dependencies": {
        "adhan": "4.4.6"
      },
      "engines": {
        "node": "26.7.0"
      }
    },
    "node_modules/adhan": {
      "version": "4.4.6",
      "resolved": "https://registry.npmjs.org/adhan/-/adhan-4.4.6.tgz",
      "integrity": "sha512-cpLLcr6qxx+mLc6jgSXJwAAHxDFrhXhVLuzRbZPrpQKIEpJw+0LcfG6u9WEjq66kcTX/2sCkI3VztgRoUXBnFg==",
      "license": "MIT"
    }
  }
}
